
Microsoft Visual Studio Solution File, Format Version 12.00
# Visual Studio 15
VisualStudioVersion = 15.0.27703.2035
MinimumVisualStudioVersion = 10.0.40219.1
Project("{9A19103F-16F7-4668-BE54-9A1E7A4F7556}") = "SchedulerBot.Client", "SchedulerBot.Client\SchedulerBot.Client.csproj", "{70630CBA-AF33-4574-989D-EE711FCE017B}"
EndProject
Project("{FAE04EC0-301F-11D3-BF4B-00C04F79EFBC}") = "SchedulerBot.Data", "SchedulerBot.Data\SchedulerBot.Data.csproj", "{ADD9096A-CB1C-4406-8970-B382302AF254}"
EndProject
Global
	GlobalSection(SolutionConfigurationPlatforms) = preSolution
		Debug|Any CPU = Debug|Any CPU
		Release|Any CPU = Release|Any CPU
	EndGlobalSection
	GlobalSection(ProjectConfigurationPlatforms) = postSolution
		{70630CBA-AF33-4574-989D-EE711FCE017B}.Debug|Any CPU.ActiveCfg = Debug|Any CPU
		{70630CBA-AF33-4574-989D-EE711FCE017B}.Debug|Any CPU.Build.0 = Debug|Any CPU
		{70630CBA-AF33-4574-989D-EE711FCE017B}.Release|Any CPU.ActiveCfg = Release|Any CPU
		{70630CBA-AF33-4574-989D-EE711FCE017B}.Release|Any CPU.Build.0 = Release|Any CPU
		{ADD9096A-CB1C-4406-8970-B382302AF254}.Debug|Any CPU.ActiveCfg = Debug|Any CPU
		{ADD9096A-CB1C-4406-8970-B382302AF254}.Debug|Any CPU.Build.0 = Debug|Any CPU
		{ADD9096A-CB1C-4406-8970-B382302AF254}.Release|Any CPU.ActiveCfg = Release|Any CPU
		{ADD9096A-CB1C-4406-8970-B382302AF254}.Release|Any CPU.Build.0 = Release|Any CPU
	EndGlobalSection
	GlobalSection(SolutionProperties) = preSolution
		HideSolutionNode = FALSE
	EndGlobalSection
	GlobalSection(ExtensibilityGlobals) = postSolution
		SolutionGuid = {181C28DE-7FAC-478E-BD5F-DC7931B6B210}
	EndGlobalSection
EndGlobal
